
Microsoft Visual Studio Solution File, Format Version 12.00
# Visual Studio 15
VisualStudioVersion = 15.0.28307.168
MinimumVisualStudioVersion = 10.0.40219.1
Project("{9A19103F-16F7-4668-BE54-9A1E7A4F7556}") = "Introduction", "Introduction\Introduction.csproj", "{57FDF91D-834E-4264-A721-2AF0AC781A94}"
EndProject
Project("{9A19103F-16F7-4668-BE54-9A1E7A4F7556}") = "WebApplication1", "WebApplication1\WebApplication1.csproj", "{60415755-E92C-4031-BD59-AABAC25AA931}"
EndProject
Project("{FAE04EC0-301F-11D3-BF4B-00C04F79EFBC}") = "Data", "Data\Data.csproj", "{9160E863-C560-48B5-AB14-6DF3AD4ECFFE}"
EndProject
Project("{FAE04EC0-301F-11D3-BF4B-00C04F79EFBC}") = "Business", "Business\Business.csproj", "{3C08A028-6743-4473-8DA1-99C4BF750FCC}"
EndProject
Global
	GlobalSection(SolutionConfigurationPlatforms) = preSolution
		Debug|Any CPU = Debug|Any CPU
		Release|Any CPU = Release|Any CPU
	EndGlobalSection
	GlobalSection(ProjectConfigurationPlatforms) = postSolution
		{57FDF91D-834E-4264-A721-2AF0AC781A94}.Debug|Any CPU.ActiveCfg = Debug|Any CPU
		{57FDF91D-834E-4264-A721-2AF0AC781A94}.Debug|Any CPU.Build.0 = Debug|Any CPU
		{57FDF91D-834E-4264-A721-2AF0AC781A94}.Release|Any CPU.ActiveCfg = Release|Any CPU
		{57FDF91D-834E-4264-A721-2AF0AC781A94}.Release|Any CPU.Build.0 = Release|Any CPU
		{60415755-E92C-4031-BD59-AABAC25AA931}.Debug|Any CPU.ActiveCfg = Debug|Any CPU
		{60415755-E92C-4031-BD59-AABAC25AA931}.Debug|Any CPU.Build.0 = Debug|Any CPU
		{60415755-E92C-4031-BD59-AABAC25AA931}.Release|Any CPU.ActiveCfg = Release|Any CPU
		{60415755-E92C-4031-BD59-AABAC25AA931}.Release|Any CPU.Build.0 = Release|Any CPU
		{9160E863-C560-48B5-AB14-6DF3AD4ECFFE}.Debug|Any CPU.ActiveCfg = Debug|Any CPU
		{9160E863-C560-48B5-AB14-6DF3AD4ECFFE}.Debug|Any CPU.Build.0 = Debug|Any CPU
		{9160E863-C560-48B5-AB14-6DF3AD4ECFFE}.Release|Any CPU.ActiveCfg = Release|Any CPU
		{9160E863-C560-48B5-AB14-6DF3AD4ECFFE}.Release|Any CPU.Build.0 = Release|Any CPU
		{3C08A028-6743-4473-8DA1-99C4BF750FCC}.Debug|Any CPU.ActiveCfg = Debug|Any CPU
		{3C08A028-6743-4473-8DA1-99C4BF750FCC}.Debug|Any CPU.Build.0 = Debug|Any CPU
		{3C08A028-6743-4473-8DA1-99C4BF750FCC}.Release|Any CPU.ActiveCfg = Release|Any CPU
		{3C08A028-6743-4473-8DA1-99C4BF750FCC}.Release|Any CPU.Build.0 = Release|Any CPU
	EndGlobalSection
	GlobalSection(SolutionProperties) = preSolution
		HideSolutionNode = FALSE
	EndGlobalSection
	GlobalSection(ExtensibilityGlobals) = postSolution
		SolutionGuid = {085F23F0-1110-4E8D-AA1B-DA1654E13289}
	EndGlobalSection
EndGlobal
